
Microsoft Visual Studio Solution File, Format Version 12.00
# Visual Studio Version 16
VisualStudioVersion = 16.0.31613.86
MinimumVisualStudioVersion = 10.0.40219.1
Project("{FAE04EC0-301F-11D3-BF4B-00C04F79EFBC}") = "DioBank", "DioBank\DioBank.csproj", "{BFF5F183-F508-480E-80AB-063FB81629E3}"
EndProject
Global
	GlobalSection(SolutionConfigurationPlatforms) = preSolution
		Debug|Any CPU = Debug|Any CPU
		Release|Any CPU = Release|Any CPU
	EndGlobalSection
	GlobalSection(ProjectConfigurationPlatforms) = postSolution
		{BFF5F183-F508-480E-80AB-063FB81629E3}.Debug|Any CPU.ActiveCfg = Debug|Any CPU
		{BFF5F183-F508-480E-80AB-063FB81629E3}.Debug|Any CPU.Build.0 = Debug|Any CPU
		{BFF5F183-F508-480E-80AB-063FB81629E3}.Release|Any CPU.ActiveCfg = Release|Any CPU
		{BFF5F183-F508-480E-80AB-063FB81629E3}.Release|Any CPU.Build.0 = Release|Any CPU
	EndGlobalSection
	GlobalSection(SolutionProperties) = preSolution
		HideSolutionNode = FALSE
	EndGlobalSection
	GlobalSection(ExtensibilityGlobals) = postSolution
		SolutionGuid = {B393EB7A-2C62-4317-AA47-483A413E01B3}
	EndGlobalSection
EndGlobal
